// !$*UTF8*$!
{
	archiveVersion = 1;
	classes = {
	};
	objectVersion = 51;
	objects = {

/* Begin PBXBuildFile section */
		469272C223F74A60009C2B6D /* AppDelegate.swift in Sources */ = {isa = PBXBuildFile; fileRef = 469272C123F74A60009C2B6D /* AppDelegate.swift */; };
		469272C423F74A60009C2B6D /* SceneDelegate.swift in Sources */ = {isa = PBXBuildFile; fileRef = 469272C323F74A60009C2B6D /* SceneDelegate.swift */; };
		469272C623F74A60009C2B6D /* ViewController.swift in Sources */ = {isa = PBXBuildFile; fileRef = 469272C523F74A60009C2B6D /* ViewController.swift */; };
		469272C923F74A60009C2B6D /* Main.storyboard in Resources */ = {isa = PBXBuildFile; fileRef = 469272C723F74A60009C2B6D /* Main.storyboard */; };
		469272CB23F74A61009C2B6D /* Assets.xcassets in Resources */ = {isa = PBXBuildFile; fileRef = 469272CA23F74A61009C2B6D /* Assets.xcassets */; };
		469272CE23F74A61009C2B6D /* LaunchScreen.storyboard in Resources */ = {isa = PBXBuildFile; fileRef = 469272CC23F74A61009C2B6D /* LaunchScreen.storyboard */; };
		469272D623F74A9F009C2B6D /* DuolingoButton.swift in Sources */ = {isa = PBXBuildFile; fileRef = 469272D523F74A9F009C2B6D /* DuolingoButton.swift */; };
		469272D823F74AC2009C2B6D /* DuolingoTitleLabel.swift in Sources */ = {isa = PBXBuildFile; fileRef = 469272D723F74AC2009C2B6D /* DuolingoTitleLabel.swift */; };
		469272DA23F74AE2009C2B6D /* DuolingoLabel.swift in Sources */ = {isa = PBXBuildFile; fileRef = 469272D923F74AE2009C2B6D /* DuolingoLabel.swift */; };
		469272DC23F74B10009C2B6D /* DuolingoSeparator.swift in Sources */ = {isa = PBXBuildFile; fileRef = 469272DB23F74B10009C2B6D /* DuolingoSeparator.swift */; };
		469272DE23F74B2C009C2B6D /* DuolingoShadowedCard.swift in Sources */ = {isa = PBXBuildFile; fileRef = 469272DD23F74B2C009C2B6D /* DuolingoShadowedCard.swift */; };
		469272E023F74B40009C2B6D /* DuolingoBorderedCard.swift in Sources */ = {isa = PBXBuildFile; fileRef = 469272DF23F74B40009C2B6D /* DuolingoBorderedCard.swift */; };
		469272E223F74B63009C2B6D /* DuolingoProgressView.swift in Sources */ = {isa = PBXBuildFile; fileRef = 469272E123F74B63009C2B6D /* DuolingoProgressView.swift */; };
		469272E423F74B76009C2B6D /* DuolingoExtensions.swift in Sources */ = {isa = PBXBuildFile; fileRef = 469272E323F74B76009C2B6D /* DuolingoExtensions.swift */; };
		4692731223F74C8A009C2B6D /* flamingos.svg in Resources */ = {isa = PBXBuildFile; fileRef = 4692730A23F74C8A009C2B6D /* flamingos.svg */; };
		4692731323F74C8A009C2B6D /* hedgehog.svg in Resources */ = {isa = PBXBuildFile; fileRef = 4692730B23F74C8A009C2B6D /* hedgehog.svg */; };
		4692731423F74C8A009C2B6D /* dolphin.svg in Resources */ = {isa = PBXBuildFile; fileRef = 4692730C23F74C8A009C2B6D /* dolphin.svg */; };
		4692731523F74C8A009C2B6D /* hyena.svg in Resources */ = {isa = PBXBuildFile; fileRef = 4692730D23F74C8A009C2B6D /* hyena.svg */; };
		4692731623F74C8A009C2B6D /* penguin.svg in Resources */ = {isa = PBXBuildFile; fileRef = 4692730E23F74C8A009C2B6D /* penguin.svg */; };
		4692731723F74C8A009C2B6D /* koala.svg in Resources */ = {isa = PBXBuildFile; fileRef = 4692730F23F74C8A009C2B6D /* koala.svg */; };
		4692731823F74C8A009C2B6D /* chameleon.svg in Resources */ = {isa = PBXBuildFile; fileRef = 4692731023F74C8A009C2B6D /* chameleon.svg */; };
		4692731923F74C8A009C2B6D /* parrot.svg in Resources */ = {isa = PBXBuildFile; fileRef = 4692731123F74C8A009C2B6D /* parrot.svg */; };
		4692731B23F74CA2009C2B6D /* walrus.svg in Resources */ = {isa = PBXBuildFile; fileRef = 4692731A23F74CA2009C2B6D /* walrus.svg */; };
		4692731D23F74D40009C2B6D /* AssetsAttribution.txt in Resources */ = {isa = PBXBuildFile; fileRef = 4692731C23F74D40009C2B6D /* AssetsAttribution.txt */; };
		84AC9FC710CAC424F891DCDB /* Pods_DuoUI.framework in Frameworks */ = {isa = PBXBuildFile; fileRef = 30ACD7EFB555C4D69C6EC437 /* Pods_DuoUI.framework */; };
/* End PBXBuildFile section */

/* Begin PBXFileReference section */
		30ACD7EFB555C4D69C6EC437 /* Pods_DuoUI.framework */ = {isa = PBXFileReference; explicitFileType = wrapper.framework; includeInIndex = 0; path = Pods_DuoUI.framework; sourceTree = BUILT_PRODUCTS_DIR; };
		359EFEFD401A688672A38E88 /* Pods-DuoUI.release.xcconfig */ = {isa = PBXFileReference; includeInIndex = 1; lastKnownFileType = text.xcconfig; name = "Pods-DuoUI.release.xcconfig"; path = "Target Support Files/Pods-DuoUI/Pods-DuoUI.release.xcconfig"; sourceTree = "<group>"; };
		469272BE23F74A60009C2B6D /* DuoUI.app */ = {isa = PBXFileReference; explicitFileType = wrapper.application; includeInIndex = 0; path = DuoUI.app; sourceTree = BUILT_PRODUCTS_DIR; };
		469272C123F74A60009C2B6D /* AppDelegate.swift */ = {isa = PBXFileReference; lastKnownFileType = sourcecode.swift; path = AppDelegate.swift; sourceTree = "<group>"; };
		469272C323F74A60009C2B6D /* SceneDelegate.swift */ = {isa = PBXFileReference; lastKnownFileType = sourcecode.swift; path = SceneDelegate.swift; sourceTree = "<group>"; };
		469272C523F74A60009C2B6D /* ViewController.swift */ = {isa = PBXFileReference; lastKnownFileType = sourcecode.swift; path = ViewController.swift; sourceTree = "<group>"; };
		469272C823F74A60009C2B6D /* Base */ = {isa = PBXFileReference; lastKnownFileType = file.storyboard; name = Base; path = Base.lproj/Main.storyboard; sourceTree = "<group>"; };
		469272CA23F74A61009C2B6D /* Assets.xcassets */ = {isa = PBXFileReference; lastKnownFileType = folder.assetcatalog; path = Assets.xcassets; sourceTree = "<group>"; };
		469272CD23F74A61009C2B6D /* Base */ = {isa = PBXFileReference; lastKnownFileType = file.storyboard; name = Base; path = Base.lproj/LaunchScreen.storyboard; sourceTree = "<group>"; };
		469272CF23F74A61009C2B6D /* Info.plist */ = {isa = PBXFileReference; lastKnownFileType = text.plist.xml; path = Info.plist; sourceTree = "<group>"; };
		469272D523F74A9F009C2B6D /* DuolingoButton.swift */ = {isa = PBXFileReference; lastKnownFileType = sourcecode.swift; path = DuolingoButton.swift; sourceTree = "<group>"; };
		469272D723F74AC2009C2B6D /* DuolingoTitleLabel.swift */ = {isa = PBXFileReference; lastKnownFileType = sourcecode.swift; path = DuolingoTitleLabel.swift; sourceTree = "<group>"; };
		469272D923F74AE2009C2B6D /* DuolingoLabel.swift */ = {isa = PBXFileReference; lastKnownFileType = sourcecode.swift; path = DuolingoLabel.swift; sourceTree = "<group>"; };
		469272DB23F74B10009C2B6D /* DuolingoSeparator.swift */ = {isa = PBXFileReference; lastKnownFileType = sourcecode.swift; path = DuolingoSeparator.swift; sourceTree = "<group>"; };
		469272DD23F74B2C009C2B6D /* DuolingoShadowedCard.swift */ = {isa = PBXFileReference; lastKnownFileType = sourcecode.swift; path = DuolingoShadowedCard.swift; sourceTree = "<group>"; };
		469272DF23F74B40009C2B6D /* DuolingoBorderedCard.swift */ = {isa = PBXFileReference; lastKnownFileType = sourcecode.swift; path = DuolingoBorderedCard.swift; sourceTree = "<group>"; };
		469272E123F74B63009C2B6D /* DuolingoProgressView.swift */ = {isa = PBXFileReference; lastKnownFileType = sourcecode.swift; path = DuolingoProgressView.swift; sourceTree = "<group>"; };
		469272E323F74B76009C2B6D /* DuolingoExtensions.swift */ = {isa = PBXFileReference; lastKnownFileType = sourcecode.swift; path = DuolingoExtensions.swift; sourceTree = "<group>"; };
		4692730A23F74C8A009C2B6D /* flamingos.svg */ = {isa = PBXFileReference; fileEncoding = 4; lastKnownFileType = text.xml; path = flamingos.svg; sourceTree = "<group>"; };
		4692730B23F74C8A009C2B6D /* hedgehog.svg */ = {isa = PBXFileReference; fileEncoding = 4; lastKnownFileType = text.xml; path = hedgehog.svg; sourceTree = "<group>"; };
		4692730C23F74C8A009C2B6D /* dolphin.svg */ = {isa = PBXFileReference; fileEncoding = 4; lastKnownFileType = text.xml; path = dolphin.svg; sourceTree = "<group>"; };
		4692730D23F74C8A009C2B6D /* hyena.svg */ = {isa = PBXFileReference; fileEncoding = 4; lastKnownFileType = text.xml; path = hyena.svg; sourceTree = "<group>"; };
		4692730E23F74C8A009C2B6D /* penguin.svg */ = {isa = PBXFileReference; fileEncoding = 4; lastKnownFileType = text.xml; path = penguin.svg; sourceTree = "<group>"; };
		4692730F23F74C8A009C2B6D /* koala.svg */ = {isa = PBXFileReference; fileEncoding = 4; lastKnownFileType = text.xml; path = koala.svg; sourceTree = "<group>"; };
		4692731023F74C8A009C2B6D /* chameleon.svg */ = {isa = PBXFileReference; fileEncoding = 4; lastKnownFileType = text.xml; path = chameleon.svg; sourceTree = "<group>"; };
		4692731123F74C8A009C2B6D /* parrot.svg */ = {isa = PBXFileReference; fileEncoding = 4; lastKnownFileType = text.xml; path = parrot.svg; sourceTree = "<group>"; };
		4692731A23F74CA2009C2B6D /* walrus.svg */ = {isa = PBXFileReference; fileEncoding = 4; lastKnownFileType = text.xml; path = walrus.svg; sourceTree = "<group>"; };
		4692731C23F74D40009C2B6D /* AssetsAttribution.txt */ = {isa = PBXFileReference; lastKnownFileType = text; path = AssetsAttribution.txt; sourceTree = "<group>"; };
		DC2DEE34C4DB43910E869C1D /* Pods-DuoUI.debug.xcconfig */ = {isa = PBXFileReference; includeInIndex = 1; lastKnownFileType = text.xcconfig; name = "Pods-DuoUI.debug.xcconfig"; path = "Target Support Files/Pods-DuoUI/Pods-DuoUI.debug.xcconfig"; sourceTree = "<group>"; };
/* End PBXFileReference section */

/* Begin PBXFrameworksBuildPhase section */
		469272BB23F74A60009C2B6D /* Frameworks */ = {
			isa = PBXFrameworksBuildPhase;
			buildActionMask = 2147483647;
			files = (
				84AC9FC710CAC424F891DCDB /* Pods_DuoUI.framework in Frameworks */,
			);
			runOnlyForDeploymentPostprocessing = 0;
		};
/* End PBXFrameworksBuildPhase section */

/* Begin PBXGroup section */
		469272B523F74A60009C2B6D = {
			isa = PBXGroup;
			children = (
				469272C023F74A60009C2B6D /* DuoUI */,
				469272BF23F74A60009C2B6D /* Products */,
				74332E4C094767988A815D52 /* Pods */,
				D9D17F9BAC0E76D45D8D2678 /* Frameworks */,
			);
			sourceTree = "<group>";
		};
		469272BF23F74A60009C2B6D /* Products */ = {
			isa = PBXGroup;
			children = (
				469272BE23F74A60009C2B6D /* DuoUI.app */,
			);
			name = Products;
			sourceTree = "<group>";
		};
		469272C023F74A60009C2B6D /* DuoUI */ = {
			isa = PBXGroup;
			children = (
				4692731C23F74D40009C2B6D /* AssetsAttribution.txt */,
				469272C123F74A60009C2B6D /* AppDelegate.swift */,
				469272C323F74A60009C2B6D /* SceneDelegate.swift */,
				469272C523F74A60009C2B6D /* ViewController.swift */,
				469272D523F74A9F009C2B6D /* DuolingoButton.swift */,
				469272D723F74AC2009C2B6D /* DuolingoTitleLabel.swift */,
				469272D923F74AE2009C2B6D /* DuolingoLabel.swift */,
				469272DB23F74B10009C2B6D /* DuolingoSeparator.swift */,
				469272DD23F74B2C009C2B6D /* DuolingoShadowedCard.swift */,
				469272DF23F74B40009C2B6D /* DuolingoBorderedCard.swift */,
				469272E123F74B63009C2B6D /* DuolingoProgressView.swift */,
				469272E323F74B76009C2B6D /* DuolingoExtensions.swift */,
				469272ED23F74B9C009C2B6D /* SVG */,
				469272C723F74A60009C2B6D /* Main.storyboard */,
				469272CA23F74A61009C2B6D /* Assets.xcassets */,
				469272CC23F74A61009C2B6D /* LaunchScreen.storyboard */,
				469272CF23F74A61009C2B6D /* Info.plist */,
			);
			path = DuoUI;
			sourceTree = "<group>";
		};
		469272ED23F74B9C009C2B6D /* SVG */ = {
			isa = PBXGroup;
			children = (
				4692731023F74C8A009C2B6D /* chameleon.svg */,
				4692731A23F74CA2009C2B6D /* walrus.svg */,
				4692730C23F74C8A009C2B6D /* dolphin.svg */,
				4692730A23F74C8A009C2B6D /* flamingos.svg */,
				4692730B23F74C8A009C2B6D /* hedgehog.svg */,
				4692730D23F74C8A009C2B6D /* hyena.svg */,
				4692730F23F74C8A009C2B6D /* koala.svg */,
				4692731123F74C8A009C2B6D /* parrot.svg */,
				4692730E23F74C8A009C2B6D /* penguin.svg */,
			);
			path = SVG;
			sourceTree = "<group>";
		};
		74332E4C094767988A815D52 /* Pods */ = {
			isa = PBXGroup;
			children = (
				DC2DEE34C4DB43910E869C1D /* Pods-DuoUI.debug.xcconfig */,
				359EFEFD401A688672A38E88 /* Pods-DuoUI.release.xcconfig */,
			);
			path = Pods;
			sourceTree = "<group>";
		};
		D9D17F9BAC0E76D45D8D2678 /* Frameworks */ = {
			isa = PBXGroup;
			children = (
				30ACD7EFB555C4D69C6EC437 /* Pods_DuoUI.framework */,
			);
			name = Frameworks;
			sourceTree = "<group>";
		};
/* End PBXGroup section */

/* Begin PBXNativeTarget section */
		469272BD23F74A60009C2B6D /* DuoUI */ = {
			isa = PBXNativeTarget;
			buildConfigurationList = 469272D223F74A61009C2B6D /* Build configuration list for PBXNativeTarget "DuoUI" */;
			buildPhases = (
				7AB39EE1824CB4CB57A24B47 /* [CP] Check Pods Manifest.lock */,
				469272BA23F74A60009C2B6D /* Sources */,
				469272BB23F74A60009C2B6D /* Frameworks */,
				469272BC23F74A60009C2B6D /* Resources */,
				4026A60C6BCA5573675F16C3 /* [CP] Embed Pods Frameworks */,
			);
			buildRules = (
			);
			dependencies = (
			);
			name = DuoUI;
			productName = DuoUI;
			productReference = 469272BE23F74A60009C2B6D /* DuoUI.app */;
			productType = "com.apple.product-type.application";
		};
/* End PBXNativeTarget section */

/* Begin PBXProject section */
		469272B623F74A60009C2B6D /* Project object */ = {
			isa = PBXProject;
			attributes = {
				LastSwiftUpdateCheck = 1130;
				LastUpgradeCheck = 1130;
				ORGANIZATIONNAME = "Jarvis Wu";
				TargetAttributes = {
					469272BD23F74A60009C2B6D = {
						CreatedOnToolsVersion = 11.3;
					};
				};
			};
			buildConfigurationList = 469272B923F74A60009C2B6D /* Build configuration list for PBXProject "DuoUI" */;
			compatibilityVersion = "Xcode 9.3";
			developmentRegion = en;
			hasScannedForEncodings = 0;
			knownRegions = (
				en,
				Base,
			);
			mainGroup = 469272B523F74A60009C2B6D;
			productRefGroup = 469272BF23F74A60009C2B6D /* Products */;
			projectDirPath = "";
			projectRoot = "";
			targets = (
				469272BD23F74A60009C2B6D /* DuoUI */,
			);
		};
/* End PBXProject section */

/* Begin PBXResourcesBuildPhase section */
		469272BC23F74A60009C2B6D /* Resources */ = {
			isa = PBXResourcesBuildPhase;
			buildActionMask = 2147483647;
			files = (
				469272CE23F74A61009C2B6D /* LaunchScreen.storyboard in Resources */,
				4692731423F74C8A009C2B6D /* dolphin.svg in Resources */,
				4692731B23F74CA2009C2B6D /* walrus.svg in Resources */,
				4692731523F74C8A009C2B6D /* hyena.svg in Resources */,
				469272CB23F74A61009C2B6D /* Assets.xcassets in Resources */,
				4692731723F74C8A009C2B6D /* koala.svg in Resources */,
				4692731923F74C8A009C2B6D /* parrot.svg in Resources */,
				469272C923F74A60009C2B6D /* Main.storyboard in Resources */,
				4692731323F74C8A009C2B6D /* hedgehog.svg in Resources */,
				4692731823F74C8A009C2B6D /* chameleon.svg in Resources */,
				4692731D23F74D40009C2B6D /* AssetsAttribution.txt in Resources */,
				4692731223F74C8A009C2B6D /* flamingos.svg in Resources */,
				4692731623F74C8A009C2B6D /* penguin.svg in Resources */,
			);
			runOnlyForDeploymentPostprocessing = 0;
		};
/* End PBXResourcesBuildPhase section */

/* Begin PBXShellScriptBuildPhase section */
		4026A60C6BCA5573675F16C3 /* [CP] Embed Pods Frameworks */ = {
			isa = PBXShellScriptBuildPhase;
			buildActionMask = 2147483647;
			files = (
			);
			inputFileListPaths = (
				"${PODS_ROOT}/Target Support Files/Pods-DuoUI/Pods-DuoUI-frameworks-${CONFIGURATION}-input-files.xcfilelist",
			);
			name = "[CP] Embed Pods Frameworks";
			outputFileListPaths = (
				"${PODS_ROOT}/Target Support Files/Pods-DuoUI/Pods-DuoUI-frameworks-${CONFIGURATION}-output-files.xcfilelist",
			);
			runOnlyForDeploymentPostprocessing = 0;
			shellPath = /bin/sh;
			shellScript = "\"${PODS_ROOT}/Target Support Files/Pods-DuoUI/Pods-DuoUI-frameworks.sh\"\n";
			showEnvVarsInLog = 0;
		};
		7AB39EE1824CB4CB57A24B47 /* [CP] Check Pods Manifest.lock */ = {
			isa = PBXShellScriptBuildPhase;
			buildActionMask = 2147483647;
			files = (
			);
			inputFileListPaths = (
			);
			inputPaths = (
				"${PODS_PODFILE_DIR_PATH}/Podfile.lock",
				"${PODS_ROOT}/Manifest.lock",
			);
			name = "[CP] Check Pods Manifest.lock";
			outputFileListPaths = (
			);
			outputPaths = (
				"$(DERIVED_FILE_DIR)/Pods-DuoUI-checkManifestLockResult.txt",
			);
			runOnlyForDeploymentPostprocessing = 0;
			shellPath = /bin/sh;
			shellScript = "diff \"${PODS_PODFILE_DIR_PATH}/Podfile.lock\" \"${PODS_ROOT}/Manifest.lock\" > /dev/null\nif [ $? != 0 ] ; then\n    # print error to STDERR\n    echo \"error: The sandbox is not in sync with the Podfile.lock. Run 'pod install' or update your CocoaPods installation.\" >&2\n    exit 1\nfi\n# This output is used by Xcode 'outputs' to avoid re-running this script phase.\necho \"SUCCESS\" > \"${SCRIPT_OUTPUT_FILE_0}\"\n";
			showEnvVarsInLog = 0;
		};
/* End PBXShellScriptBuildPhase section */

/* Begin PBXSourcesBuildPhase section */
		469272BA23F74A60009C2B6D /* Sources */ = {
			isa = PBXSourcesBuildPhase;
			buildActionMask = 2147483647;
			files = (
				469272E023F74B40009C2B6D /* DuolingoBorderedCard.swift in Sources */,
				469272D623F74A9F009C2B6D /* DuolingoButton.swift in Sources */,
				469272C623F74A60009C2B6D /* ViewController.swift in Sources */,
				469272C223F74A60009C2B6D /* AppDelegate.swift in Sources */,
				469272D823F74AC2009C2B6D /* DuolingoTitleLabel.swift in Sources */,
				469272C423F74A60009C2B6D /* SceneDelegate.swift in Sources */,
				469272E223F74B63009C2B6D /* DuolingoProgressView.swift in Sources */,
				469272DA23F74AE2009C2B6D /* DuolingoLabel.swift in Sources */,
				469272DC23F74B10009C2B6D /* DuolingoSeparator.swift in Sources */,
				469272DE23F74B2C009C2B6D /* DuolingoShadowedCard.swift in Sources */,
				469272E423F74B76009C2B6D /* DuolingoExtensions.swift in Sources */,
			);
			runOnlyForDeploymentPostprocessing = 0;
		};
/* End PBXSourcesBuildPhase section */

/* Begin PBXVariantGroup section */
		469272C723F74A60009C2B6D /* Main.storyboard */ = {
			isa = PBXVariantGroup;
			children = (
				469272C823F74A60009C2B6D /* Base */,
			);
			name = Main.storyboard;
			sourceTree = "<group>";
		};
		469272CC23F74A61009C2B6D /* LaunchScreen.storyboard */ = {
			isa = PBXVariantGroup;
			children = (
				469272CD23F74A61009C2B6D /* Base */,
			);
			name = LaunchScreen.storyboard;
			sourceTree = "<group>";
		};
/* End PBXVariantGroup section */

/* Begin XCBuildConfiguration section */
		469272D023F74A61009C2B6D /* Debug */ = {
			isa = XCBuildConfiguration;
			buildSettings = {
				ALWAYS_SEARCH_USER_PATHS = NO;
				CLANG_ANALYZER_NONNULL = YES;
				CLANG_ANALYZER_NUMBER_OBJECT_CONVERSION = YES_AGGRESSIVE;
				CLANG_CXX_LANGUAGE_STANDARD = "gnu++14";
				CLANG_CXX_LIBRARY = "libc++";
				CLANG_ENABLE_MODULES = YES;
				CLANG_ENABLE_OBJC_ARC = YES;
				CLANG_ENABLE_OBJC_WEAK = YES;
				CLANG_WARN_BLOCK_CAPTURE_AUTORELEASING = YES;
				CLANG_WARN_BOOL_CONVERSION = YES;
				CLANG_WARN_COMMA = YES;
				CLANG_WARN_CONSTANT_CONVERSION = YES;
				CLANG_WARN_DEPRECATED_OBJC_IMPLEMENTATIONS = YES;
				CLANG_WARN_DIRECT_OBJC_ISA_USAGE = YES_ERROR;
				CLANG_WARN_DOCUMENTATION_COMMENTS = YES;
				CLANG_WARN_EMPTY_BODY = YES;
				CLANG_WARN_ENUM_CONVERSION = YES;
				CLANG_WARN_INFINITE_RECURSION = YES;
				CLANG_WARN_INT_CONVERSION = YES;
				CLANG_WARN_NON_LITERAL_NULL_CONVERSION = YES;
				CLANG_WARN_OBJC_IMPLICIT_RETAIN_SELF = YES;
				CLANG_WARN_OBJC_LITERAL_CONVERSION = YES;
				CLANG_WARN_OBJC_ROOT_CLASS = YES_ERROR;
				CLANG_WARN_RANGE_LOOP_ANALYSIS = YES;
				CLANG_WARN_STRICT_PROTOTYPES = YES;
				CLANG_WARN_SUSPICIOUS_MOVE = YES;
				CLANG_WARN_UNGUARDED_AVAILABILITY = YES_AGGRESSIVE;
				CLANG_WARN_UNREACHABLE_CODE = YES;
				CLANG_WARN__DUPLICATE_METHOD_MATCH = YES;
				COPY_PHASE_STRIP = NO;
				DEBUG_INFORMATION_FORMAT = dwarf;
				ENABLE_STRICT_OBJC_MSGSEND = YES;
				ENABLE_TESTABILITY = YES;
				GCC_C_LANGUAGE_STANDARD = gnu11;
				GCC_DYNAMIC_NO_PIC = NO;
				GCC_NO_COMMON_BLOCKS = YES;
				GCC_OPTIMIZATION_LEVEL = 0;
				GCC_PREPROCESSOR_DEFINITIONS = (
					"DEBUG=1",
					"$(inherited)",
				);
				GCC_WARN_64_TO_32_BIT_CONVERSION = YES;
				GCC_WARN_ABOUT_RETURN_TYPE = YES_ERROR;
				GCC_WARN_UNDECLARED_SELECTOR = YES;
				GCC_WARN_UNINITIALIZED_AUTOS = YES_AGGRESSIVE;
				GCC_WARN_UNUSED_FUNCTION = YES;
				GCC_WARN_UNUSED_VARIABLE = YES;
				IPHONEOS_DEPLOYMENT_TARGET = 13.2;
				MTL_ENABLE_DEBUG_INFO = INCLUDE_SOURCE;
				MTL_FAST_MATH = YES;
				ONLY_ACTIVE_ARCH = YES;
				SDKROOT = iphoneos;
				SWIFT_ACTIVE_COMPILATION_CONDITIONS = DEBUG;
				SWIFT_OPTIMIZATION_LEVEL = "-Onone";
			};
			name = Debug;
		};
		469272D123F74A61009C2B6D /* Release */ = {
			isa = XCBuildConfiguration;
			buildSettings = {
				ALWAYS_SEARCH_USER_PATHS = NO;
				CLANG_ANALYZER_NONNULL = YES;
				CLANG_ANALYZER_NUMBER_OBJECT_CONVERSION = YES_AGGRESSIVE;
				CLANG_CXX_LANGUAGE_STANDARD = "gnu++14";
				CLANG_CXX_LIBRARY = "libc++";
				CLANG_ENABLE_MODULES = YES;
				CLANG_ENABLE_OBJC_ARC = YES;
				CLANG_ENABLE_OBJC_WEAK = YES;
				CLANG_WARN_BLOCK_CAPTURE_AUTORELEASING = YES;
				CLANG_WARN_BOOL_CONVERSION = YES;
				CLANG_WARN_COMMA = YES;
				CLANG_WARN_CONSTANT_CONVERSION = YES;
				CLANG_WARN_DEPRECATED_OBJC_IMPLEMENTATIONS = YES;
				CLANG_WARN_DIRECT_OBJC_ISA_USAGE = YES_ERROR;
				CLANG_WARN_DOCUMENTATION_COMMENTS = YES;
				CLANG_WARN_EMPTY_BODY = YES;
				CLANG_WARN_ENUM_CONVERSION = YES;
				CLANG_WARN_INFINITE_RECURSION = YES;
				CLANG_WARN_INT_CONVERSION = YES;
				CLANG_WARN_NON_LITERAL_NULL_CONVERSION = YES;
				CLANG_WARN_OBJC_IMPLICIT_RETAIN_SELF = YES;
				CLANG_WARN_OBJC_LITERAL_CONVERSION = YES;
				CLANG_WARN_OBJC_ROOT_CLASS = YES_ERROR;
				CLANG_WARN_RANGE_LOOP_ANALYSIS = YES;
				CLANG_WARN_STRICT_PROTOTYPES = YES;
				CLANG_WARN_SUSPICIOUS_MOVE = YES;
				CLANG_WARN_UNGUARDED_AVAILABILITY = YES_AGGRESSIVE;
				CLANG_WARN_UNREACHABLE_CODE = YES;
				CLANG_WARN__DUPLICATE_METHOD_MATCH = YES;
				COPY_PHASE_STRIP = NO;
				DEBUG_INFORMATION_FORMAT = "dwarf-with-dsym";
				ENABLE_NS_ASSERTIONS = NO;
				ENABLE_STRICT_OBJC_MSGSEND = YES;
				GCC_C_LANGUAGE_STANDARD = gnu11;
				GCC_NO_COMMON_BLOCKS = YES;
				GCC_WARN_64_TO_32_BIT_CONVERSION = YES;
				GCC_WARN_ABOUT_RETURN_TYPE = YES_ERROR;
				GCC_WARN_UNDECLARED_SELECTOR = YES;
				GCC_WARN_UNINITIALIZED_AUTOS = YES_AGGRESSIVE;
				GCC_WARN_UNUSED_FUNCTION = YES;
				GCC_WARN_UNUSED_VARIABLE = YES;
				IPHONEOS_DEPLOYMENT_TARGET = 13.2;
				MTL_ENABLE_DEBUG_INFO = NO;
				MTL_FAST_MATH = YES;
				SDKROOT = iphoneos;
				SWIFT_COMPILATION_MODE = wholemodule;
				SWIFT_OPTIMIZATION_LEVEL = "-O";
				VALIDATE_PRODUCT = YES;
			};
			name = Release;
		};
		469272D323F74A61009C2B6D /* Debug */ = {
			isa = XCBuildConfiguration;
			baseConfigurationReference = DC2DEE34C4DB43910E869C1D /* Pods-DuoUI.debug.xcconfig */;
			buildSettings = {
				ASSETCATALOG_COMPILER_APPICON_NAME = AppIcon;
				CODE_SIGN_STYLE = Automatic;
				DEVELOPMENT_TEAM = 9A8H575U4L;
				INFOPLIST_FILE = DuoUI/Info.plist;
				LD_RUNPATH_SEARCH_PATHS = (
					"$(inherited)",
					"@executable_path/Frameworks",
				);
				PRODUCT_BUNDLE_IDENTIFIER = jarviswu.DuoUI;
				PRODUCT_NAME = "$(TARGET_NAME)";
				SWIFT_VERSION = 5.0;
				TARGETED_DEVICE_FAMILY = "1,2";
			};
			name = Debug;
		};
		469272D423F74A61009C2B6D /* Release */ = {
			isa = XCBuildConfiguration;
			baseConfigurationReference = 359EFEFD401A688672A38E88 /* Pods-DuoUI.release.xcconfig */;
			buildSettings = {
				ASSETCATALOG_COMPILER_APPICON_NAME = AppIcon;
				CODE_SIGN_STYLE = Automatic;
				DEVELOPMENT_TEAM = 9A8H575U4L;
				INFOPLIST_FILE = DuoUI/Info.plist;
				LD_RUNPATH_SEARCH_PATHS = (
					"$(inherited)",
					"@executable_path/Frameworks",
				);
				PRODUCT_BUNDLE_IDENTIFIER = jarviswu.DuoUI;
				PRODUCT_NAME = "$(TARGET_NAME)";
				SWIFT_VERSION = 5.0;
				TARGETED_DEVICE_FAMILY = "1,2";
			};
			name = Release;
		};
/* End XCBuildConfiguration section */

/* Begin XCConfigurationList section */
		469272B923F74A60009C2B6D /* Build configuration list for PBXProject "DuoUI" */ = {
			isa = XCConfigurationList;
			buildConfigurations = (
				469272D023F74A61009C2B6D /* Debug */,
				469272D123F74A61009C2B6D /* Release */,
			);
			defaultConfigurationIsVisible = 0;
			defaultConfigurationName = Release;
		};
		469272D223F74A61009C2B6D /* Build configuration list for PBXNativeTarget "DuoUI" */ = {
			isa = XCConfigurationList;
			buildConfigurations = (
				469272D323F74A61009C2B6D /* Debug */,
				469272D423F74A61009C2B6D /* Release */,
			);
			defaultConfigurationIsVisible = 0;
			defaultConfigurationName = Release;
		};
/* End XCConfigurationList section */
	};
	rootObject = 469272B623F74A60009C2B6D /* Project object */;
}
